schema: '2.0'
stages:
  data_split:
    cmd: python src/stages/data_split.py --config=params.yaml
    deps:
    - path: data/raw
      hash: md5
      md5: dbe1cfcf546b65bc2246f85aa14c5a21.dir
      size: 466888
      nfiles: 2
    - path: src/stages/data_split.py
      hash: md5
      md5: 2ff988d5d1a91493de036c7b9ba21ccc
      size: 1433
    params:
      params.yaml:
        base:
          project: bank_customer_churn
          raw_data_dir: data/raw
          countries:
          - France
          - Spain
          feat_cols:
          - CreditScore
          - Age
          - Tenure
          - Balance
          - NumOfProducts
          - HasCrCard
          - IsActiveMember
          - EstimatedSalary
          targ_col: Exited
          random_state: 42
        data_split:
          test_size: 0.25
          processed_data_dir: data/processed
    outs:
    - path: data/processed
      hash: md5
      md5: c9f8d0f86f89503597e1e9db96a8193d.dir
      size: 722283
      nfiles: 4
  train:
    cmd: python src/stages/train.py --config=params.yaml
    deps:
    - path: data/processed
      hash: md5
      md5: c9f8d0f86f89503597e1e9db96a8193d.dir
      size: 722283
      nfiles: 4
    - path: src/stages/train.py
      hash: md5
      md5: f132766b0dffcabb612e354eb3d38a91
      size: 1945
    params:
      params.yaml:
        base:
          project: bank_customer_churn
          raw_data_dir: data/raw
          countries:
          - France
          - Spain
          feat_cols:
          - CreditScore
          - Age
          - Tenure
          - Balance
          - NumOfProducts
          - HasCrCard
          - IsActiveMember
          - EstimatedSalary
          targ_col: Exited
          random_state: 42
        train:
          model_type: randomforest
          model_dir: models
          model_path: models/clf-model.joblib
          params:
            n_estimators: 100
            max_depth: 20
    outs:
    - path: models/clf-model.joblib
      hash: md5
      md5: 36515d805169d43698c1aae6917cf4ee
      size: 10361080
  eval:
    cmd: python src/stages/eval.py --config=params.yaml
    deps:
    - path: data/processed
      hash: md5
      md5: c9f8d0f86f89503597e1e9db96a8193d.dir
      size: 722283
      nfiles: 4
    - path: models/clf-model.joblib
      hash: md5
      md5: 36515d805169d43698c1aae6917cf4ee
      size: 10361080
    - path: src/stages/eval.py
      hash: md5
      md5: e402ec2f10cedbc6c02331cf13cd1147
      size: 2429
    params:
      params.yaml:
        base:
          project: bank_customer_churn
          raw_data_dir: data/raw
          countries:
          - France
          - Spain
          feat_cols:
          - CreditScore
          - Age
          - Tenure
          - Balance
          - NumOfProducts
          - HasCrCard
          - IsActiveMember
          - EstimatedSalary
          targ_col: Exited
          random_state: 42
        data_split:
          test_size: 0.25
          processed_data_dir: data/processed
        train:
          model_type: randomforest
          model_dir: models
          model_path: models/clf-model.joblib
          params:
            n_estimators: 100
            max_depth: 20
    outs:
    - path: metrics.json
      hash: md5
      md5: 12dff179ecdd0b04da926efe250a6ed9
      size: 67
    - path: reports/feat_imp.csv
      hash: md5
      md5: 37bcb2fb7d4af21f9d7169b491e21907
      size: 186
    - path: reports/figures/cm.png
      hash: md5
      md5: 92e39ff733ed9c6011f2f69c824a17a6
      size: 10028
  train_drift_detector:
    cmd: python src/stages/drift_detector.py --config=params.yaml
    deps:
    - path: data/processed
      hash: md5
      md5: c9f8d0f86f89503597e1e9db96a8193d.dir
      size: 722283
      nfiles: 4
    - path: models/clf-model.joblib
      hash: md5
      md5: 36515d805169d43698c1aae6917cf4ee
      size: 10361080
    - path: src/stages/drift_detector.py
      hash: md5
      md5: bf0cdb21b655c79b138ca047676b93eb
      size: 1386
    params:
      params.yaml:
        base:
          project: bank_customer_churn
          raw_data_dir: data/raw
          countries:
          - France
          - Spain
          feat_cols:
          - CreditScore
          - Age
          - Tenure
          - Balance
          - NumOfProducts
          - HasCrCard
          - IsActiveMember
          - EstimatedSalary
          targ_col: Exited
          random_state: 42
        data_split:
          test_size: 0.25
          processed_data_dir: data/processed
        train:
          model_type: randomforest
          model_dir: models
          model_path: models/clf-model.joblib
          params:
            n_estimators: 100
            max_depth: 20
    outs:
    - path: models/drift_detector
      hash: md5
      md5: 691e1c4cec87197219b19a914f15a2e2.dir
      size: 483721
      nfiles: 3
